
Microsoft Visual Studio Solution File, Format Version 12.00
# Visual Studio Version 17
VisualStudioVersion = 17.1.32328.378
MinimumVisualStudioVersion = 10.0.40219.1
Project("{9A19103F-16F7-4668-BE54-9A1E7A4F7556}") = "LiteDB", "LiteDB\LiteDB.csproj", "{9497DA19-1FCA-4C2E-A1AB-8DFAACBC76E1}"
EndProject
Project("{9A19103F-16F7-4668-BE54-9A1E7A4F7556}") = "LiteDB.Tests", "LiteDB.Tests\LiteDB.Tests.csproj", "{74E32E43-2A57-4A38-BD8C-9108B0DCAEAA}"
EndProject
Project("{9A19103F-16F7-4668-BE54-9A1E7A4F7556}") = "LiteDB.Shell", "LiteDB.Shell\LiteDB.Shell.csproj", "{99887C89-CAE4-4A8D-AC4B-87E28B9B1F87}"
EndProject
Project("{9A19103F-16F7-4668-BE54-9A1E7A4F7556}") = "LiteDB.Benchmarks", "LiteDB.Benchmarks\LiteDB.Benchmarks.csproj", "{DF9C82C1-446F-458A-AA50-78E58BA17273}"
EndProject
Project("{9A19103F-16F7-4668-BE54-9A1E7A4F7556}") = "LiteDB.Stress", "LiteDB.Stress\LiteDB.Stress.csproj", "{FFBC5669-DA32-4907-8793-7B414279DA3B}"
EndProject
Project("{FAE04EC0-301F-11D3-BF4B-00C04F79EFBC}") = "ConsoleApp1", "ConsoleApp1\ConsoleApp1.csproj", "{E8763934-E46A-4AAF-A2B5-E812016DAF84}"
EndProject
Global
	GlobalSection(SolutionConfigurationPlatforms) = preSolution
		Debug|Any CPU = Debug|Any CPU
		Release|Any CPU = Release|Any CPU
	EndGlobalSection
	GlobalSection(ProjectConfigurationPlatforms) = postSolution
		{9497DA19-1FCA-4C2E-A1AB-8DFAACBC76E1}.Debug|Any CPU.ActiveCfg = Debug|Any CPU
		{9497DA19-1FCA-4C2E-A1AB-8DFAACBC76E1}.Debug|Any CPU.Build.0 = Debug|Any CPU
		{9497DA19-1FCA-4C2E-A1AB-8DFAACBC76E1}.Release|Any CPU.ActiveCfg = Release|Any CPU
		{9497DA19-1FCA-4C2E-A1AB-8DFAACBC76E1}.Release|Any CPU.Build.0 = Release|Any CPU
		{74E32E43-2A57-4A38-BD8C-9108B0DCAEAA}.Debug|Any CPU.ActiveCfg = Debug|Any CPU
		{74E32E43-2A57-4A38-BD8C-9108B0DCAEAA}.Debug|Any CPU.Build.0 = Debug|Any CPU
		{74E32E43-2A57-4A38-BD8C-9108B0DCAEAA}.Release|Any CPU.ActiveCfg = Release|Any CPU
		{74E32E43-2A57-4A38-BD8C-9108B0DCAEAA}.Release|Any CPU.Build.0 = Release|Any CPU
		{99887C89-CAE4-4A8D-AC4B-87E28B9B1F87}.Debug|Any CPU.ActiveCfg = Debug|Any CPU
		{99887C89-CAE4-4A8D-AC4B-87E28B9B1F87}.Debug|Any CPU.Build.0 = Debug|Any CPU
		{99887C89-CAE4-4A8D-AC4B-87E28B9B1F87}.Release|Any CPU.ActiveCfg = Release|Any CPU
		{99887C89-CAE4-4A8D-AC4B-87E28B9B1F87}.Release|Any CPU.Build.0 = Release|Any CPU
		{DF9C82C1-446F-458A-AA50-78E58BA17273}.Debug|Any CPU.ActiveCfg = Debug|Any CPU
		{DF9C82C1-446F-458A-AA50-78E58BA17273}.Debug|Any CPU.Build.0 = Debug|Any CPU
		{DF9C82C1-446F-458A-AA50-78E58BA17273}.Release|Any CPU.ActiveCfg = Release|Any CPU
		{DF9C82C1-446F-458A-AA50-78E58BA17273}.Release|Any CPU.Build.0 = Release|Any CPU
		{FFBC5669-DA32-4907-8793-7B414279DA3B}.Debug|Any CPU.ActiveCfg = Debug|Any CPU
		{FFBC5669-DA32-4907-8793-7B414279DA3B}.Debug|Any CPU.Build.0 = Debug|Any CPU
		{FFBC5669-DA32-4907-8793-7B414279DA3B}.Release|Any CPU.ActiveCfg = Release|Any CPU
		{FFBC5669-DA32-4907-8793-7B414279DA3B}.Release|Any CPU.Build.0 = Release|Any CPU
		{E8763934-E46A-4AAF-A2B5-E812016DAF84}.Debug|Any CPU.ActiveCfg = Debug|Any CPU
		{E8763934-E46A-4AAF-A2B5-E812016DAF84}.Debug|Any CPU.Build.0 = Debug|Any CPU
		{E8763934-E46A-4AAF-A2B5-E812016DAF84}.Release|Any CPU.ActiveCfg = Release|Any CPU
		{E8763934-E46A-4AAF-A2B5-E812016DAF84}.Release|Any CPU.Build.0 = Release|Any CPU
	EndGlobalSection
	GlobalSection(SolutionProperties) = preSolution
		HideSolutionNode = FALSE
	EndGlobalSection
	GlobalSection(ExtensibilityGlobals) = postSolution
		SolutionGuid = {45099B85-2AE1-434B-913A-6AD14FD3AF4A}
	EndGlobalSection
	GlobalSection(Performance) = preSolution
		HasPerformanceSessions = true
	EndGlobalSection
EndGlobal
