
Microsoft Visual Studio Solution File, Format Version 12.00
# Visual Studio 14
VisualStudioVersion = 14.0.25123.0
MinimumVisualStudioVersion = 10.0.40219.1
Project("{FAE04EC0-301F-11D3-BF4B-00C04F79EFBC}") = "LiteDB", "LiteDB\LiteDB.csproj", "{E808051A-83B7-4FA9-B004-D064EA162B60}"
EndProject
Project("{FAE04EC0-301F-11D3-BF4B-00C04F79EFBC}") = "LiteDB.Shell", "LiteDB.Shell\LiteDB.Shell.csproj", "{5C46B331-F4DC-469D-B370-532E67CBA808}"
EndProject
Project("{FAE04EC0-301F-11D3-BF4B-00C04F79EFBC}") = "LiteDB.Tests", "LiteDB.Tests\LiteDB.Tests.csproj", "{BCC55ED6-CE7B-4811-979C-FE74B3A2D6AE}"
EndProject
Project("{FAE04EC0-301F-11D3-BF4B-00C04F79EFBC}") = "LiteDB.NetCore.Tests", "LiteDB.NetCore.Tests\LiteDB.NetCore.Tests.csproj", "{4DCD636D-8C3C-4F1C-A615-DB0AFE545F9E}"
EndProject
Project("{2150E333-8FDC-42A3-9474-1A3956D46DE8}") = "Portable.NetCore", "Portable.NetCore", "{2BA700FB-431A-4609-851F-971E302DB7CE}"
EndProject
Project("{FAE04EC0-301F-11D3-BF4B-00C04F79EFBC}") = "LiteDB.NetCore", "LiteDB.NetCore\LiteDB.NetCore.csproj", "{28C0558C-13B2-4F3D-B956-5D6081625F61}"
EndProject
Project("{FAE04EC0-301F-11D3-BF4B-00C04F79EFBC}") = "LiteDB.PCL", "LiteDB.PCL\LiteDB.PCL.csproj", "{C7CD1FAB-D964-45CD-9E94-868F031D99B0}"
EndProject
Project("{FAE04EC0-301F-11D3-BF4B-00C04F79EFBC}") = "LiteDB.PCL.Tests", "LiteDB.PCL.Tests\LiteDB.PCL.Tests.csproj", "{6EC166D8-4A50-4C71-8CDA-3BFED284C68D}"
EndProject
Project("{2150E333-8FDC-42A3-9474-1A3956D46DE8}") = "Portable.PCL", "Portable.PCL", "{57FF26E7-0C92-4B99-B5EB-F7633BC1B809}"
EndProject
Global
	GlobalSection(SolutionConfigurationPlatforms) = preSolution
		Debug|Any CPU = Debug|Any CPU
		Release|Any CPU = Release|Any CPU
	EndGlobalSection
	GlobalSection(ProjectConfigurationPlatforms) = postSolution
		{E808051A-83B7-4FA9-B004-D064EA162B60}.Debug|Any CPU.ActiveCfg = Debug|Any CPU
		{E808051A-83B7-4FA9-B004-D064EA162B60}.Debug|Any CPU.Build.0 = Debug|Any CPU
		{E808051A-83B7-4FA9-B004-D064EA162B60}.Release|Any CPU.ActiveCfg = Release|Any CPU
		{E808051A-83B7-4FA9-B004-D064EA162B60}.Release|Any CPU.Build.0 = Release|Any CPU
		{5C46B331-F4DC-469D-B370-532E67CBA808}.Debug|Any CPU.ActiveCfg = Debug|Any CPU
		{5C46B331-F4DC-469D-B370-532E67CBA808}.Debug|Any CPU.Build.0 = Debug|Any CPU
		{5C46B331-F4DC-469D-B370-532E67CBA808}.Release|Any CPU.ActiveCfg = Release|Any CPU
		{5C46B331-F4DC-469D-B370-532E67CBA808}.Release|Any CPU.Build.0 = Release|Any CPU
		{BCC55ED6-CE7B-4811-979C-FE74B3A2D6AE}.Debug|Any CPU.ActiveCfg = Debug|Any CPU
		{BCC55ED6-CE7B-4811-979C-FE74B3A2D6AE}.Debug|Any CPU.Build.0 = Debug|Any CPU
		{BCC55ED6-CE7B-4811-979C-FE74B3A2D6AE}.Release|Any CPU.ActiveCfg = Release|Any CPU
		{BCC55ED6-CE7B-4811-979C-FE74B3A2D6AE}.Release|Any CPU.Build.0 = Release|Any CPU
		{4DCD636D-8C3C-4F1C-A615-DB0AFE545F9E}.Debug|Any CPU.ActiveCfg = Debug|Any CPU
		{4DCD636D-8C3C-4F1C-A615-DB0AFE545F9E}.Debug|Any CPU.Build.0 = Debug|Any CPU
		{4DCD636D-8C3C-4F1C-A615-DB0AFE545F9E}.Release|Any CPU.ActiveCfg = Release|Any CPU
		{4DCD636D-8C3C-4F1C-A615-DB0AFE545F9E}.Release|Any CPU.Build.0 = Release|Any CPU
		{28C0558C-13B2-4F3D-B956-5D6081625F61}.Debug|Any CPU.ActiveCfg = Debug|Any CPU
		{28C0558C-13B2-4F3D-B956-5D6081625F61}.Debug|Any CPU.Build.0 = Debug|Any CPU
		{28C0558C-13B2-4F3D-B956-5D6081625F61}.Release|Any CPU.ActiveCfg = Release|Any CPU
		{28C0558C-13B2-4F3D-B956-5D6081625F61}.Release|Any CPU.Build.0 = Release|Any CPU
		{C7CD1FAB-D964-45CD-9E94-868F031D99B0}.Debug|Any CPU.ActiveCfg = Debug|Any CPU
		{C7CD1FAB-D964-45CD-9E94-868F031D99B0}.Debug|Any CPU.Build.0 = Debug|Any CPU
		{C7CD1FAB-D964-45CD-9E94-868F031D99B0}.Release|Any CPU.ActiveCfg = Release|Any CPU
		{C7CD1FAB-D964-45CD-9E94-868F031D99B0}.Release|Any CPU.Build.0 = Release|Any CPU
		{6EC166D8-4A50-4C71-8CDA-3BFED284C68D}.Debug|Any CPU.ActiveCfg = Debug|Any CPU
		{6EC166D8-4A50-4C71-8CDA-3BFED284C68D}.Debug|Any CPU.Build.0 = Debug|Any CPU
		{6EC166D8-4A50-4C71-8CDA-3BFED284C68D}.Release|Any CPU.ActiveCfg = Release|Any CPU
		{6EC166D8-4A50-4C71-8CDA-3BFED284C68D}.Release|Any CPU.Build.0 = Release|Any CPU
	EndGlobalSection
	GlobalSection(SolutionProperties) = preSolution
		HideSolutionNode = FALSE
	EndGlobalSection
	GlobalSection(NestedProjects) = preSolution
		{4DCD636D-8C3C-4F1C-A615-DB0AFE545F9E} = {2BA700FB-431A-4609-851F-971E302DB7CE}
		{28C0558C-13B2-4F3D-B956-5D6081625F61} = {2BA700FB-431A-4609-851F-971E302DB7CE}
		{C7CD1FAB-D964-45CD-9E94-868F031D99B0} = {57FF26E7-0C92-4B99-B5EB-F7633BC1B809}
		{6EC166D8-4A50-4C71-8CDA-3BFED284C68D} = {57FF26E7-0C92-4B99-B5EB-F7633BC1B809}
	EndGlobalSection
EndGlobal
