
Microsoft Visual Studio Solution File, Format Version 12.00
# Visual Studio 14
VisualStudioVersion = 14.0.25420.1
MinimumVisualStudioVersion = 10.0.40219.1
Project("{FAE04EC0-301F-11D3-BF4B-00C04F79EFBC}") = "LiteDB", "LiteDB\LiteDB.csproj", "{E808051A-83B7-4FA9-B004-D064EA162B60}"
EndProject
Project("{FAE04EC0-301F-11D3-BF4B-00C04F79EFBC}") = "LiteDB.Tests", "LiteDB.Tests\LiteDB.Tests.csproj", "{BCC55ED6-CE7B-4811-979C-FE74B3A2D6AE}"
EndProject
Project("{FAE04EC0-301F-11D3-BF4B-00C04F79EFBC}") = "LiteDB.Shell.Console", "LiteDB.Shell.Console\LiteDB.Shell.Console.csproj", "{5C46B331-F4DC-469D-B370-532E67CBA808}"
EndProject
Global
	GlobalSection(SolutionConfigurationPlatforms) = preSolution
		AppStore|Any CPU = AppStore|Any CPU
		AppStore|ARM = AppStore|ARM
		AppStore|iPhone = AppStore|iPhone
		AppStore|iPhoneSimulator = AppStore|iPhoneSimulator
		AppStore|x64 = AppStore|x64
		AppStore|x86 = AppStore|x86
		Debug|Any CPU = Debug|Any CPU
		Debug|ARM = Debug|ARM
		Debug|iPhone = Debug|iPhone
		Debug|iPhoneSimulator = Debug|iPhoneSimulator
		Debug|x64 = Debug|x64
		Debug|x86 = Debug|x86
		Release|Any CPU = Release|Any CPU
		Release|ARM = Release|ARM
		Release|iPhone = Release|iPhone
		Release|iPhoneSimulator = Release|iPhoneSimulator
		Release|x64 = Release|x64
		Release|x86 = Release|x86
	EndGlobalSection
	GlobalSection(ProjectConfigurationPlatforms) = postSolution
		{E808051A-83B7-4FA9-B004-D064EA162B60}.AppStore|Any CPU.ActiveCfg = Release|Any CPU
		{E808051A-83B7-4FA9-B004-D064EA162B60}.AppStore|Any CPU.Build.0 = Release|Any CPU
		{E808051A-83B7-4FA9-B004-D064EA162B60}.AppStore|ARM.ActiveCfg = Release|Any CPU
		{E808051A-83B7-4FA9-B004-D064EA162B60}.AppStore|ARM.Build.0 = Release|Any CPU
		{E808051A-83B7-4FA9-B004-D064EA162B60}.AppStore|iPhone.ActiveCfg = Debug|Any CPU
		{E808051A-83B7-4FA9-B004-D064EA162B60}.AppStore|iPhoneSimulator.ActiveCfg = Debug|Any CPU
		{E808051A-83B7-4FA9-B004-D064EA162B60}.AppStore|x64.ActiveCfg = Release|Any CPU
		{E808051A-83B7-4FA9-B004-D064EA162B60}.AppStore|x64.Build.0 = Release|Any CPU
		{E808051A-83B7-4FA9-B004-D064EA162B60}.AppStore|x86.ActiveCfg = Release|Any CPU
		{E808051A-83B7-4FA9-B004-D064EA162B60}.AppStore|x86.Build.0 = Release|Any CPU
		{E808051A-83B7-4FA9-B004-D064EA162B60}.Debug|Any CPU.ActiveCfg = Debug|Any CPU
		{E808051A-83B7-4FA9-B004-D064EA162B60}.Debug|Any CPU.Build.0 = Debug|Any CPU
		{E808051A-83B7-4FA9-B004-D064EA162B60}.Debug|ARM.ActiveCfg = Debug|Any CPU
		{E808051A-83B7-4FA9-B004-D064EA162B60}.Debug|ARM.Build.0 = Debug|Any CPU
		{E808051A-83B7-4FA9-B004-D064EA162B60}.Debug|iPhone.ActiveCfg = Debug|Any CPU
		{E808051A-83B7-4FA9-B004-D064EA162B60}.Debug|iPhone.Build.0 = Debug|Any CPU
		{E808051A-83B7-4FA9-B004-D064EA162B60}.Debug|iPhoneSimulator.ActiveCfg = Debug|Any CPU
		{E808051A-83B7-4FA9-B004-D064EA162B60}.Debug|iPhoneSimulator.Build.0 = Debug|Any CPU
		{E808051A-83B7-4FA9-B004-D064EA162B60}.Debug|x64.ActiveCfg = Debug|Any CPU
		{E808051A-83B7-4FA9-B004-D064EA162B60}.Debug|x64.Build.0 = Debug|Any CPU
		{E808051A-83B7-4FA9-B004-D064EA162B60}.Debug|x86.ActiveCfg = Debug|Any CPU
		{E808051A-83B7-4FA9-B004-D064EA162B60}.Debug|x86.Build.0 = Debug|Any CPU
		{E808051A-83B7-4FA9-B004-D064EA162B60}.Release|Any CPU.ActiveCfg = Release|Any CPU
		{E808051A-83B7-4FA9-B004-D064EA162B60}.Release|Any CPU.Build.0 = Release|Any CPU
		{E808051A-83B7-4FA9-B004-D064EA162B60}.Release|ARM.ActiveCfg = Release|Any CPU
		{E808051A-83B7-4FA9-B004-D064EA162B60}.Release|ARM.Build.0 = Release|Any CPU
		{E808051A-83B7-4FA9-B004-D064EA162B60}.Release|iPhone.ActiveCfg = Release|Any CPU
		{E808051A-83B7-4FA9-B004-D064EA162B60}.Release|iPhone.Build.0 = Release|Any CPU
		{E808051A-83B7-4FA9-B004-D064EA162B60}.Release|iPhoneSimulator.ActiveCfg = Release|Any CPU
		{E808051A-83B7-4FA9-B004-D064EA162B60}.Release|iPhoneSimulator.Build.0 = Release|Any CPU
		{E808051A-83B7-4FA9-B004-D064EA162B60}.Release|x64.ActiveCfg = Release|Any CPU
		{E808051A-83B7-4FA9-B004-D064EA162B60}.Release|x64.Build.0 = Release|Any CPU
		{E808051A-83B7-4FA9-B004-D064EA162B60}.Release|x86.ActiveCfg = Release|Any CPU
		{E808051A-83B7-4FA9-B004-D064EA162B60}.Release|x86.Build.0 = Release|Any CPU
		{BCC55ED6-CE7B-4811-979C-FE74B3A2D6AE}.AppStore|Any CPU.ActiveCfg = Release|Any CPU
		{BCC55ED6-CE7B-4811-979C-FE74B3A2D6AE}.AppStore|Any CPU.Build.0 = Release|Any CPU
		{BCC55ED6-CE7B-4811-979C-FE74B3A2D6AE}.AppStore|ARM.ActiveCfg = Release|Any CPU
		{BCC55ED6-CE7B-4811-979C-FE74B3A2D6AE}.AppStore|ARM.Build.0 = Release|Any CPU
		{BCC55ED6-CE7B-4811-979C-FE74B3A2D6AE}.AppStore|iPhone.ActiveCfg = Debug|Any CPU
		{BCC55ED6-CE7B-4811-979C-FE74B3A2D6AE}.AppStore|iPhoneSimulator.ActiveCfg = Debug|Any CPU
		{BCC55ED6-CE7B-4811-979C-FE74B3A2D6AE}.AppStore|x64.ActiveCfg = Release|Any CPU
		{BCC55ED6-CE7B-4811-979C-FE74B3A2D6AE}.AppStore|x64.Build.0 = Release|Any CPU
		{BCC55ED6-CE7B-4811-979C-FE74B3A2D6AE}.AppStore|x86.ActiveCfg = Release|Any CPU
		{BCC55ED6-CE7B-4811-979C-FE74B3A2D6AE}.AppStore|x86.Build.0 = Release|Any CPU
		{BCC55ED6-CE7B-4811-979C-FE74B3A2D6AE}.Debug|Any CPU.ActiveCfg = Debug|Any CPU
		{BCC55ED6-CE7B-4811-979C-FE74B3A2D6AE}.Debug|Any CPU.Build.0 = Debug|Any CPU
		{BCC55ED6-CE7B-4811-979C-FE74B3A2D6AE}.Debug|ARM.ActiveCfg = Debug|Any CPU
		{BCC55ED6-CE7B-4811-979C-FE74B3A2D6AE}.Debug|ARM.Build.0 = Debug|Any CPU
		{BCC55ED6-CE7B-4811-979C-FE74B3A2D6AE}.Debug|iPhone.ActiveCfg = Debug|Any CPU
		{BCC55ED6-CE7B-4811-979C-FE74B3A2D6AE}.Debug|iPhone.Build.0 = Debug|Any CPU
		{BCC55ED6-CE7B-4811-979C-FE74B3A2D6AE}.Debug|iPhoneSimulator.ActiveCfg = Debug|Any CPU
		{BCC55ED6-CE7B-4811-979C-FE74B3A2D6AE}.Debug|iPhoneSimulator.Build.0 = Debug|Any CPU
		{BCC55ED6-CE7B-4811-979C-FE74B3A2D6AE}.Debug|x64.ActiveCfg = Debug|Any CPU
		{BCC55ED6-CE7B-4811-979C-FE74B3A2D6AE}.Debug|x64.Build.0 = Debug|Any CPU
		{BCC55ED6-CE7B-4811-979C-FE74B3A2D6AE}.Debug|x86.ActiveCfg = Debug|Any CPU
		{BCC55ED6-CE7B-4811-979C-FE74B3A2D6AE}.Debug|x86.Build.0 = Debug|Any CPU
		{BCC55ED6-CE7B-4811-979C-FE74B3A2D6AE}.Release|Any CPU.ActiveCfg = Release|Any CPU
		{BCC55ED6-CE7B-4811-979C-FE74B3A2D6AE}.Release|Any CPU.Build.0 = Release|Any CPU
		{BCC55ED6-CE7B-4811-979C-FE74B3A2D6AE}.Release|ARM.ActiveCfg = Release|Any CPU
		{BCC55ED6-CE7B-4811-979C-FE74B3A2D6AE}.Release|ARM.Build.0 = Release|Any CPU
		{BCC55ED6-CE7B-4811-979C-FE74B3A2D6AE}.Release|iPhone.ActiveCfg = Release|Any CPU
		{BCC55ED6-CE7B-4811-979C-FE74B3A2D6AE}.Release|iPhone.Build.0 = Release|Any CPU
		{BCC55ED6-CE7B-4811-979C-FE74B3A2D6AE}.Release|iPhoneSimulator.ActiveCfg = Release|Any CPU
		{BCC55ED6-CE7B-4811-979C-FE74B3A2D6AE}.Release|iPhoneSimulator.Build.0 = Release|Any CPU
		{BCC55ED6-CE7B-4811-979C-FE74B3A2D6AE}.Release|x64.ActiveCfg = Release|Any CPU
		{BCC55ED6-CE7B-4811-979C-FE74B3A2D6AE}.Release|x64.Build.0 = Release|Any CPU
		{BCC55ED6-CE7B-4811-979C-FE74B3A2D6AE}.Release|x86.ActiveCfg = Release|Any CPU
		{BCC55ED6-CE7B-4811-979C-FE74B3A2D6AE}.Release|x86.Build.0 = Release|Any CPU
		{5C46B331-F4DC-469D-B370-532E67CBA808}.AppStore|Any CPU.ActiveCfg = Release|Any CPU
		{5C46B331-F4DC-469D-B370-532E67CBA808}.AppStore|Any CPU.Build.0 = Release|Any CPU
		{5C46B331-F4DC-469D-B370-532E67CBA808}.AppStore|ARM.ActiveCfg = Release|Any CPU
		{5C46B331-F4DC-469D-B370-532E67CBA808}.AppStore|ARM.Build.0 = Release|Any CPU
		{5C46B331-F4DC-469D-B370-532E67CBA808}.AppStore|iPhone.ActiveCfg = Debug|Any CPU
		{5C46B331-F4DC-469D-B370-532E67CBA808}.AppStore|iPhoneSimulator.ActiveCfg = Debug|Any CPU
		{5C46B331-F4DC-469D-B370-532E67CBA808}.AppStore|x64.ActiveCfg = Release|Any CPU
		{5C46B331-F4DC-469D-B370-532E67CBA808}.AppStore|x64.Build.0 = Release|Any CPU
		{5C46B331-F4DC-469D-B370-532E67CBA808}.AppStore|x86.ActiveCfg = Release|Any CPU
		{5C46B331-F4DC-469D-B370-532E67CBA808}.AppStore|x86.Build.0 = Release|Any CPU
		{5C46B331-F4DC-469D-B370-532E67CBA808}.Debug|Any CPU.ActiveCfg = Debug|Any CPU
		{5C46B331-F4DC-469D-B370-532E67CBA808}.Debug|Any CPU.Build.0 = Debug|Any CPU
		{5C46B331-F4DC-469D-B370-532E67CBA808}.Debug|ARM.ActiveCfg = Debug|Any CPU
		{5C46B331-F4DC-469D-B370-532E67CBA808}.Debug|ARM.Build.0 = Debug|Any CPU
		{5C46B331-F4DC-469D-B370-532E67CBA808}.Debug|iPhone.ActiveCfg = Debug|Any CPU
		{5C46B331-F4DC-469D-B370-532E67CBA808}.Debug|iPhone.Build.0 = Debug|Any CPU
		{5C46B331-F4DC-469D-B370-532E67CBA808}.Debug|iPhoneSimulator.ActiveCfg = Debug|Any CPU
		{5C46B331-F4DC-469D-B370-532E67CBA808}.Debug|iPhoneSimulator.Build.0 = Debug|Any CPU
		{5C46B331-F4DC-469D-B370-532E67CBA808}.Debug|x64.ActiveCfg = Debug|Any CPU
		{5C46B331-F4DC-469D-B370-532E67CBA808}.Debug|x64.Build.0 = Debug|Any CPU
		{5C46B331-F4DC-469D-B370-532E67CBA808}.Debug|x86.ActiveCfg = Debug|Any CPU
		{5C46B331-F4DC-469D-B370-532E67CBA808}.Debug|x86.Build.0 = Debug|Any CPU
		{5C46B331-F4DC-469D-B370-532E67CBA808}.Release|Any CPU.ActiveCfg = Release|Any CPU
		{5C46B331-F4DC-469D-B370-532E67CBA808}.Release|Any CPU.Build.0 = Release|Any CPU
		{5C46B331-F4DC-469D-B370-532E67CBA808}.Release|ARM.ActiveCfg = Release|Any CPU
		{5C46B331-F4DC-469D-B370-532E67CBA808}.Release|ARM.Build.0 = Release|Any CPU
		{5C46B331-F4DC-469D-B370-532E67CBA808}.Release|iPhone.ActiveCfg = Release|Any CPU
		{5C46B331-F4DC-469D-B370-532E67CBA808}.Release|iPhone.Build.0 = Release|Any CPU
		{5C46B331-F4DC-469D-B370-532E67CBA808}.Release|iPhoneSimulator.ActiveCfg = Release|Any CPU
		{5C46B331-F4DC-469D-B370-532E67CBA808}.Release|iPhoneSimulator.Build.0 = Release|Any CPU
		{5C46B331-F4DC-469D-B370-532E67CBA808}.Release|x64.ActiveCfg = Release|Any CPU
		{5C46B331-F4DC-469D-B370-532E67CBA808}.Release|x64.Build.0 = Release|Any CPU
		{5C46B331-F4DC-469D-B370-532E67CBA808}.Release|x86.ActiveCfg = Release|Any CPU
		{5C46B331-F4DC-469D-B370-532E67CBA808}.Release|x86.Build.0 = Release|Any CPU
	EndGlobalSection
	GlobalSection(SolutionProperties) = preSolution
		HideSolutionNode = FALSE
	EndGlobalSection
EndGlobal
