
Microsoft Visual Studio Solution File, Format Version 12.00
# Visual Studio 14
VisualStudioVersion = 14.0.25420.1
MinimumVisualStudioVersion = 10.0.40219.1
Project("{FAE04EC0-301F-11D3-BF4B-00C04F79EFBC}") = "LiteDB.Core", "LiteDB\LiteDB.Core.csproj", "{59BA13E6-C19B-4D8B-B504-FB5D0A1E27F3}"
EndProject
Global
	GlobalSection(SolutionConfigurationPlatforms) = preSolution
		AppStore|Any CPU = AppStore|Any CPU
		AppStore|ARM = AppStore|ARM
		AppStore|iPhone = AppStore|iPhone
		AppStore|iPhoneSimulator = AppStore|iPhoneSimulator
		AppStore|x64 = AppStore|x64
		AppStore|x86 = AppStore|x86
		Debug|Any CPU = Debug|Any CPU
		Debug|ARM = Debug|ARM
		Debug|iPhone = Debug|iPhone
		Debug|iPhoneSimulator = Debug|iPhoneSimulator
		Debug|x64 = Debug|x64
		Debug|x86 = Debug|x86
		Release|Any CPU = Release|Any CPU
		Release|ARM = Release|ARM
		Release|iPhone = Release|iPhone
		Release|iPhoneSimulator = Release|iPhoneSimulator
		Release|x64 = Release|x64
		Release|x86 = Release|x86
	EndGlobalSection
	GlobalSection(ProjectConfigurationPlatforms) = postSolution
		{59BA13E6-C19B-4D8B-B504-FB5D0A1E27F3}.AppStore|Any CPU.ActiveCfg = Release|Any CPU
		{59BA13E6-C19B-4D8B-B504-FB5D0A1E27F3}.AppStore|Any CPU.Build.0 = Release|Any CPU
		{59BA13E6-C19B-4D8B-B504-FB5D0A1E27F3}.AppStore|ARM.ActiveCfg = Release|Any CPU
		{59BA13E6-C19B-4D8B-B504-FB5D0A1E27F3}.AppStore|ARM.Build.0 = Release|Any CPU
		{59BA13E6-C19B-4D8B-B504-FB5D0A1E27F3}.AppStore|iPhone.ActiveCfg = Release|Any CPU
		{59BA13E6-C19B-4D8B-B504-FB5D0A1E27F3}.AppStore|iPhone.Build.0 = Release|Any CPU
		{59BA13E6-C19B-4D8B-B504-FB5D0A1E27F3}.AppStore|iPhoneSimulator.ActiveCfg = Release|Any CPU
		{59BA13E6-C19B-4D8B-B504-FB5D0A1E27F3}.AppStore|iPhoneSimulator.Build.0 = Release|Any CPU
		{59BA13E6-C19B-4D8B-B504-FB5D0A1E27F3}.AppStore|x64.ActiveCfg = Release|Any CPU
		{59BA13E6-C19B-4D8B-B504-FB5D0A1E27F3}.AppStore|x64.Build.0 = Release|Any CPU
		{59BA13E6-C19B-4D8B-B504-FB5D0A1E27F3}.AppStore|x86.ActiveCfg = Release|Any CPU
		{59BA13E6-C19B-4D8B-B504-FB5D0A1E27F3}.AppStore|x86.Build.0 = Release|Any CPU
		{59BA13E6-C19B-4D8B-B504-FB5D0A1E27F3}.Debug|Any CPU.ActiveCfg = Debug|Any CPU
		{59BA13E6-C19B-4D8B-B504-FB5D0A1E27F3}.Debug|Any CPU.Build.0 = Debug|Any CPU
		{59BA13E6-C19B-4D8B-B504-FB5D0A1E27F3}.Debug|ARM.ActiveCfg = Debug|Any CPU
		{59BA13E6-C19B-4D8B-B504-FB5D0A1E27F3}.Debug|ARM.Build.0 = Debug|Any CPU
		{59BA13E6-C19B-4D8B-B504-FB5D0A1E27F3}.Debug|iPhone.ActiveCfg = Debug|Any CPU
		{59BA13E6-C19B-4D8B-B504-FB5D0A1E27F3}.Debug|iPhone.Build.0 = Debug|Any CPU
		{59BA13E6-C19B-4D8B-B504-FB5D0A1E27F3}.Debug|iPhoneSimulator.ActiveCfg = Debug|Any CPU
		{59BA13E6-C19B-4D8B-B504-FB5D0A1E27F3}.Debug|iPhoneSimulator.Build.0 = Debug|Any CPU
		{59BA13E6-C19B-4D8B-B504-FB5D0A1E27F3}.Debug|x64.ActiveCfg = Debug|Any CPU
		{59BA13E6-C19B-4D8B-B504-FB5D0A1E27F3}.Debug|x64.Build.0 = Debug|Any CPU
		{59BA13E6-C19B-4D8B-B504-FB5D0A1E27F3}.Debug|x86.ActiveCfg = Debug|Any CPU
		{59BA13E6-C19B-4D8B-B504-FB5D0A1E27F3}.Debug|x86.Build.0 = Debug|Any CPU
		{59BA13E6-C19B-4D8B-B504-FB5D0A1E27F3}.Release|Any CPU.ActiveCfg = Release|Any CPU
		{59BA13E6-C19B-4D8B-B504-FB5D0A1E27F3}.Release|Any CPU.Build.0 = Release|Any CPU
		{59BA13E6-C19B-4D8B-B504-FB5D0A1E27F3}.Release|ARM.ActiveCfg = Release|Any CPU
		{59BA13E6-C19B-4D8B-B504-FB5D0A1E27F3}.Release|ARM.Build.0 = Release|Any CPU
		{59BA13E6-C19B-4D8B-B504-FB5D0A1E27F3}.Release|iPhone.ActiveCfg = Release|Any CPU
		{59BA13E6-C19B-4D8B-B504-FB5D0A1E27F3}.Release|iPhone.Build.0 = Release|Any CPU
		{59BA13E6-C19B-4D8B-B504-FB5D0A1E27F3}.Release|iPhoneSimulator.ActiveCfg = Release|Any CPU
		{59BA13E6-C19B-4D8B-B504-FB5D0A1E27F3}.Release|iPhoneSimulator.Build.0 = Release|Any CPU
		{59BA13E6-C19B-4D8B-B504-FB5D0A1E27F3}.Release|x64.ActiveCfg = Release|Any CPU
		{59BA13E6-C19B-4D8B-B504-FB5D0A1E27F3}.Release|x64.Build.0 = Release|Any CPU
		{59BA13E6-C19B-4D8B-B504-FB5D0A1E27F3}.Release|x86.ActiveCfg = Release|Any CPU
		{59BA13E6-C19B-4D8B-B504-FB5D0A1E27F3}.Release|x86.Build.0 = Release|Any CPU
	EndGlobalSection
	GlobalSection(SolutionProperties) = preSolution
		HideSolutionNode = FALSE
	EndGlobalSection
EndGlobal
