
Microsoft Visual Studio Solution File, Format Version 12.00
# Visual Studio 15
VisualStudioVersion = 15.0.26730.3
MinimumVisualStudioVersion = 10.0.40219.1
Project("{9A19103F-16F7-4668-BE54-9A1E7A4F7556}") = "LiteDB", "LiteDB\LiteDB.csproj", "{9497DA19-1FCA-4C2E-A1AB-8DFAACBC76E1}"
EndProject
Project("{9A19103F-16F7-4668-BE54-9A1E7A4F7556}") = "LiteDB.Tests", "LiteDB.Tests\LiteDB.Tests.csproj", "{DC3C8B07-0FB3-45B3-BE60-04609DBC0208}"
EndProject
Project("{9A19103F-16F7-4668-BE54-9A1E7A4F7556}") = "LiteDB.Shell", "LiteDB.Shell\LiteDB.Shell.csproj", "{5C46B331-F4DC-469D-B370-532E67CBA808}"
EndProject
Project("{9A19103F-16F7-4668-BE54-9A1E7A4F7556}") = "LiteDB.Demo", "LiteDB.Demo\LiteDB.Demo.csproj", "{8E92FFDB-9C74-4DFC-BE96-593CBF21077A}"
EndProject
Global
	GlobalSection(SolutionConfigurationPlatforms) = preSolution
		Debug|Any CPU = Debug|Any CPU
		Release|Any CPU = Release|Any CPU
	EndGlobalSection
	GlobalSection(ProjectConfigurationPlatforms) = postSolution
		{9497DA19-1FCA-4C2E-A1AB-8DFAACBC76E1}.Debug|Any CPU.ActiveCfg = Debug|Any CPU
		{9497DA19-1FCA-4C2E-A1AB-8DFAACBC76E1}.Debug|Any CPU.Build.0 = Debug|Any CPU
		{9497DA19-1FCA-4C2E-A1AB-8DFAACBC76E1}.Release|Any CPU.ActiveCfg = Release|Any CPU
		{9497DA19-1FCA-4C2E-A1AB-8DFAACBC76E1}.Release|Any CPU.Build.0 = Release|Any CPU
		{DC3C8B07-0FB3-45B3-BE60-04609DBC0208}.Debug|Any CPU.ActiveCfg = Debug|Any CPU
		{DC3C8B07-0FB3-45B3-BE60-04609DBC0208}.Debug|Any CPU.Build.0 = Debug|Any CPU
		{DC3C8B07-0FB3-45B3-BE60-04609DBC0208}.Release|Any CPU.ActiveCfg = Release|Any CPU
		{DC3C8B07-0FB3-45B3-BE60-04609DBC0208}.Release|Any CPU.Build.0 = Release|Any CPU
		{5C46B331-F4DC-469D-B370-532E67CBA808}.Debug|Any CPU.ActiveCfg = Debug|Any CPU
		{5C46B331-F4DC-469D-B370-532E67CBA808}.Debug|Any CPU.Build.0 = Debug|Any CPU
		{5C46B331-F4DC-469D-B370-532E67CBA808}.Release|Any CPU.ActiveCfg = Release|Any CPU
		{5C46B331-F4DC-469D-B370-532E67CBA808}.Release|Any CPU.Build.0 = Release|Any CPU
		{8E92FFDB-9C74-4DFC-BE96-593CBF21077A}.Debug|Any CPU.ActiveCfg = Debug|Any CPU
		{8E92FFDB-9C74-4DFC-BE96-593CBF21077A}.Debug|Any CPU.Build.0 = Debug|Any CPU
		{8E92FFDB-9C74-4DFC-BE96-593CBF21077A}.Release|Any CPU.ActiveCfg = Release|Any CPU
		{8E92FFDB-9C74-4DFC-BE96-593CBF21077A}.Release|Any CPU.Build.0 = Release|Any CPU
	EndGlobalSection
	GlobalSection(SolutionProperties) = preSolution
		HideSolutionNode = FALSE
	EndGlobalSection
	GlobalSection(ExtensibilityGlobals) = postSolution
		SolutionGuid = {45099B85-2AE1-434B-913A-6AD14FD3AF4A}
	EndGlobalSection
EndGlobal
