
Microsoft Visual Studio Solution File, Format Version 12.00
# Visual Studio Version 17
VisualStudioVersion = 17.4.33213.308
MinimumVisualStudioVersion = 10.0.40219.1
Project("{9A19103F-16F7-4668-BE54-9A1E7A4F7556}") = "LiteDB.Generator", "LiteDB.Generator\LiteDB.Generator.csproj", "{450640F8-A2BF-4DED-A3B8-232D588E8ACA}"
EndProject
Project("{FAE04EC0-301F-11D3-BF4B-00C04F79EFBC}") = "LiteDB.Generator.Tests", "LiteDB.Generator.Tests\LiteDB.Generator.Tests.csproj", "{948EA78B-0083-499D-BA3F-AAE95A585207}"
EndProject
Global
	GlobalSection(SolutionConfigurationPlatforms) = preSolution
		Debug|Any CPU = Debug|Any CPU
		Release|Any CPU = Release|Any CPU
	EndGlobalSection
	GlobalSection(ProjectConfigurationPlatforms) = postSolution
		{450640F8-A2BF-4DED-A3B8-232D588E8ACA}.Debug|Any CPU.ActiveCfg = Debug|Any CPU
		{450640F8-A2BF-4DED-A3B8-232D588E8ACA}.Debug|Any CPU.Build.0 = Debug|Any CPU
		{450640F8-A2BF-4DED-A3B8-232D588E8ACA}.Release|Any CPU.ActiveCfg = Release|Any CPU
		{450640F8-A2BF-4DED-A3B8-232D588E8ACA}.Release|Any CPU.Build.0 = Release|Any CPU
		{948EA78B-0083-499D-BA3F-AAE95A585207}.Debug|Any CPU.ActiveCfg = Debug|Any CPU
		{948EA78B-0083-499D-BA3F-AAE95A585207}.Debug|Any CPU.Build.0 = Debug|Any CPU
		{948EA78B-0083-499D-BA3F-AAE95A585207}.Release|Any CPU.ActiveCfg = Release|Any CPU
		{948EA78B-0083-499D-BA3F-AAE95A585207}.Release|Any CPU.Build.0 = Release|Any CPU
	EndGlobalSection
	GlobalSection(SolutionProperties) = preSolution
		HideSolutionNode = FALSE
	EndGlobalSection
	GlobalSection(ExtensibilityGlobals) = postSolution
		SolutionGuid = {1AE6FEF2-9F53-4CC5-A9EC-ECC923DED05D}
	EndGlobalSection
EndGlobal
